
Microsoft Visual Studio Solution File, Format Version 11.00
# Visual Studio 2010
Project("{FAE04EC0-301F-11D3-BF4B-00C04F79EFBC}") = "UI", "UI\UI.csproj", "{553E0D13-9990-468D-B594-FA3380D5AEF5}"
EndProject
Project("{FAE04EC0-301F-11D3-BF4B-00C04F79EFBC}") = "Model", "Model\Model.csproj", "{0C660F46-062C-4FB7-A679-FF8DD11E943C}"
EndProject
Project("{FAE04EC0-301F-11D3-BF4B-00C04F79EFBC}") = "DAL", "DAL\DAL.csproj", "{0C7E7534-2CCB-42D9-8A57-27FE0134D13F}"
EndProject
Project("{FAE04EC0-301F-11D3-BF4B-00C04F79EFBC}") = "BLL", "BLL\BLL.csproj", "{112653A0-09A9-410A-BEB0-4970552867E8}"
EndProject
Global
	GlobalSection(SolutionConfigurationPlatforms) = preSolution
		Debug|Any CPU = Debug|Any CPU
		Release|Any CPU = Release|Any CPU
	EndGlobalSection
	GlobalSection(ProjectConfigurationPlatforms) = postSolution
		{553E0D13-9990-468D-B594-FA3380D5AEF5}.Debug|Any CPU.ActiveCfg = Debug|Any CPU
		{553E0D13-9990-468D-B594-FA3380D5AEF5}.Debug|Any CPU.Build.0 = Debug|Any CPU
		{553E0D13-9990-468D-B594-FA3380D5AEF5}.Release|Any CPU.ActiveCfg = Release|Any CPU
		{553E0D13-9990-468D-B594-FA3380D5AEF5}.Release|Any CPU.Build.0 = Release|Any CPU
		{0C660F46-062C-4FB7-A679-FF8DD11E943C}.Debug|Any CPU.ActiveCfg = Debug|Any CPU
		{0C660F46-062C-4FB7-A679-FF8DD11E943C}.Debug|Any CPU.Build.0 = Debug|Any CPU
		{0C660F46-062C-4FB7-A679-FF8DD11E943C}.Release|Any CPU.ActiveCfg = Release|Any CPU
		{0C660F46-062C-4FB7-A679-FF8DD11E943C}.Release|Any CPU.Build.0 = Release|Any CPU
		{0C7E7534-2CCB-42D9-8A57-27FE0134D13F}.Debug|Any CPU.ActiveCfg = Debug|Any CPU
		{0C7E7534-2CCB-42D9-8A57-27FE0134D13F}.Debug|Any CPU.Build.0 = Debug|Any CPU
		{0C7E7534-2CCB-42D9-8A57-27FE0134D13F}.Release|Any CPU.ActiveCfg = Release|Any CPU
		{0C7E7534-2CCB-42D9-8A57-27FE0134D13F}.Release|Any CPU.Build.0 = Release|Any CPU
		{112653A0-09A9-410A-BEB0-4970552867E8}.Debug|Any CPU.ActiveCfg = Debug|Any CPU
		{112653A0-09A9-410A-BEB0-4970552867E8}.Debug|Any CPU.Build.0 = Debug|Any CPU
		{112653A0-09A9-410A-BEB0-4970552867E8}.Release|Any CPU.ActiveCfg = Release|Any CPU
		{112653A0-09A9-410A-BEB0-4970552867E8}.Release|Any CPU.Build.0 = Release|Any CPU
	EndGlobalSection
	GlobalSection(SolutionProperties) = preSolution
		HideSolutionNode = FALSE
	EndGlobalSection
EndGlobal
